github.com/andreas/go-bayeux-client v0.0.0-20190104194423-1e648510ebb5 h1:kSPM5Ww3+UzgqDkuXJwH2Nk/lU+pRm1RYWiXmUW+HaI=
github.com/andreas/go-bayeux-client v0.0.0-20190104194423-1e648510ebb5/go.mod h1:Sr7W2NaR3ORpgsCp75YoRrrYa1DCXYkT1JAdEv3o0EM=
github.com/cihub/seelog v0.0.0-20170130134532-f561c5e57575 h1:kHaBemcxl8o/pQ5VM1c8PVE1PubbNx3mjUr09OqWGCs=
github.com/cihub/seelog v0.0.0-20170130134532-f561c5e57575/go.mod h1:9d6lWj8KzO/fd/NrVaLscBKmPigpZpn5YawRPw+e3Yo=
github.com/obeattie/ohmyglob v0.0.0-20150811221449-290764208a0d h1:SIsYJszBZOjUGo91Z3x3LufvYRZ2CwB+F4EKK5b53iw=
github.com/obeattie/ohmyglob v0.0.0-20150811221449-290764208a0d/go.mod h1:hFInPnl2+HgL1AruAAgDGZa0EQBpTLIMU0PObAVi1ow=
github.com/zph/bayeux v1.0.0 h1:f1WjKaP5JxmBrtwenUFGvaIYhTVLFIQJBKPcGD4NhtA=
github.com/zph/bayeux v1.0.0/go.mod h1:bvHapFODfj5j4UukHSW+cCIxu/jGfvgqYugIfC2N5Pw=
golang.org/x/net v0.0.0-20211013171255-e13a2654a71e h1:Xj+JO91noE97IN6F/7WZxzC5QE6yENAQPrwIYhW3bsA=
golang.org/x/net v0.0.0-20211013171255-e13a2654a71e/go.mod h1:9nx3DQGgdP8bBQD5qxJ1jj9UTztislL4KSBs9R2vV5Y=
golang.org/x/sys v0.0.0-20201119102817-f84b799fce68/go.mod h1:h1NjWce9XRLGQEsW7wpKNCjG9DtNlClVuFLEZdDNbEs=
golang.org/x/sys v0.0.0-20210423082822-04245dca01da/go.mod h1:h1NjWce9XRLGQEsW7wpKNCjG9DtNlClVuFLEZdDNbEs=
golang.org/x/term v0.0.0-20201126162022-7de9c90e9dd1/go.mod h1:bj7SfCRtBDWHUb9snDiAeCFNEtKQo2Wmx5Cou7ajbmo=
golang.org/x/text v0.3.6/go.mod h1:5Zoc/QRtKVWzQhOtBMvqHzDpF6irO9z98xDceosuGiQ=
golang.org/x/tools v0.0.0-20180917221912-90fa682c2a6e/go.mod h1:n7NCudcB/nEzxVGmLbDWY5pfWTLqBcC2KZ6jyYvM4mQ=
gopkg.in/tomb.v2 v2.0.0-20161208151619-d5d1b5820637 h1:yiW+nvdHb9LVqSHQBXfZCieqV4fzYhNBql77zY0ykqs=
gopkg.in/tomb.v2 v2.0.0-20161208151619-d5d1b5820637/go.mod h1:BHsqpu/nsuzkT5BpiH1EMZPLyqSMM8JbIavyFACoFNk=
